
Microsoft Visual Studio Solution File, Format Version 11.00
# Visual Studio 2010
Project("{FAE04EC0-301F-11D3-BF4B-00C04F79EFBC}") = "manathan_project", "Assembly-CSharp.csproj", "{E86A0627-D24B-CD13-812A-C7E82EC61978}"
EndProject
Project("{FAE04EC0-301F-11D3-BF4B-00C04F79EFBC}") = "manathan_project", "Assembly-CSharp-Editor.csproj", "{4672D122-E409-532F-9709-CAEEF170E1AF}"
EndProject
Global
	GlobalSection(SolutionConfigurationPlatforms) = preSolution
		Debug|Any CPU = Debug|Any CPU
		Release|Any CPU = Release|Any CPU
	EndGlobalSection
	GlobalSection(ProjectConfigurationPlatforms) = postSolution
		{E86A0627-D24B-CD13-812A-C7E82EC61978}.Debug|Any CPU.ActiveCfg = Debug|Any CPU
		{E86A0627-D24B-CD13-812A-C7E82EC61978}.Debug|Any CPU.Build.0 = Debug|Any CPU
		{E86A0627-D24B-CD13-812A-C7E82EC61978}.Release|Any CPU.ActiveCfg = Release|Any CPU
		{E86A0627-D24B-CD13-812A-C7E82EC61978}.Release|Any CPU.Build.0 = Release|Any CPU
		{4672D122-E409-532F-9709-CAEEF170E1AF}.Debug|Any CPU.ActiveCfg = Debug|Any CPU
		{4672D122-E409-532F-9709-CAEEF170E1AF}.Debug|Any CPU.Build.0 = Debug|Any CPU
		{4672D122-E409-532F-9709-CAEEF170E1AF}.Release|Any CPU.ActiveCfg = Release|Any CPU
		{4672D122-E409-532F-9709-CAEEF170E1AF}.Release|Any CPU.Build.0 = Release|Any CPU
	EndGlobalSection
	GlobalSection(SolutionProperties) = preSolution
		HideSolutionNode = FALSE
	EndGlobalSection
	GlobalSection(MonoDevelopProperties) = preSolution
		StartupItem = Assembly-CSharp.csproj
	EndGlobalSection
EndGlobal
